
Microsoft Visual Studio Solution File, Format Version 12.00
# Visual Studio Version 16
VisualStudioVersion = 16.0.29613.14
MinimumVisualStudioVersion = 10.0.40219.1
Project("{FAE04EC0-301F-11D3-BF4B-00C04F79EFBC}") = "DbEntities", "..\DbEntities\DbEntities.csproj", "{23E6EAA3-4720-4F4D-B6DF-17D0F23561A3}"
EndProject
Project("{FAE04EC0-301F-11D3-BF4B-00C04F79EFBC}") = "DbWorker", "DbWorker\DbWorker.csproj", "{4C005EDF-9F64-41AD-8801-4C2B17D8F7D8}"
EndProject
Project("{FAE04EC0-301F-11D3-BF4B-00C04F79EFBC}") = "ExceptionEntities", "ExceptionEntities\ExceptionEntities.csproj", "{DE6568EA-84AA-4E08-B21E-FEF5EFD0ED19}"
EndProject
Project("{FAE04EC0-301F-11D3-BF4B-00C04F79EFBC}") = "WebAppiServer", "WebAppiServer\WebAppiServer.csproj", "{A28559FD-1B9C-4582-B84D-1A311D125847}"
EndProject
Project("{FAE04EC0-301F-11D3-BF4B-00C04F79EFBC}") = "CommunicationEntities", "CommunicationEntities\CommunicationEntities.csproj", "{969D4DD5-34D5-4344-91A5-0E158D10433A}"
EndProject
Global
	GlobalSection(SolutionConfigurationPlatforms) = preSolution
		Debug|Any CPU = Debug|Any CPU
		Release|Any CPU = Release|Any CPU
	EndGlobalSection
	GlobalSection(ProjectConfigurationPlatforms) = postSolution
		{23E6EAA3-4720-4F4D-B6DF-17D0F23561A3}.Debug|Any CPU.ActiveCfg = Debug|Any CPU
		{23E6EAA3-4720-4F4D-B6DF-17D0F23561A3}.Debug|Any CPU.Build.0 = Debug|Any CPU
		{23E6EAA3-4720-4F4D-B6DF-17D0F23561A3}.Release|Any CPU.ActiveCfg = Release|Any CPU
		{23E6EAA3-4720-4F4D-B6DF-17D0F23561A3}.Release|Any CPU.Build.0 = Release|Any CPU
		{4C005EDF-9F64-41AD-8801-4C2B17D8F7D8}.Debug|Any CPU.ActiveCfg = Debug|Any CPU
		{4C005EDF-9F64-41AD-8801-4C2B17D8F7D8}.Debug|Any CPU.Build.0 = Debug|Any CPU
		{4C005EDF-9F64-41AD-8801-4C2B17D8F7D8}.Release|Any CPU.ActiveCfg = Release|Any CPU
		{4C005EDF-9F64-41AD-8801-4C2B17D8F7D8}.Release|Any CPU.Build.0 = Release|Any CPU
		{DE6568EA-84AA-4E08-B21E-FEF5EFD0ED19}.Debug|Any CPU.ActiveCfg = Debug|Any CPU
		{DE6568EA-84AA-4E08-B21E-FEF5EFD0ED19}.Debug|Any CPU.Build.0 = Debug|Any CPU
		{DE6568EA-84AA-4E08-B21E-FEF5EFD0ED19}.Release|Any CPU.ActiveCfg = Release|Any CPU
		{DE6568EA-84AA-4E08-B21E-FEF5EFD0ED19}.Release|Any CPU.Build.0 = Release|Any CPU
		{A28559FD-1B9C-4582-B84D-1A311D125847}.Debug|Any CPU.ActiveCfg = Debug|Any CPU
		{A28559FD-1B9C-4582-B84D-1A311D125847}.Debug|Any CPU.Build.0 = Debug|Any CPU
		{A28559FD-1B9C-4582-B84D-1A311D125847}.Release|Any CPU.ActiveCfg = Release|Any CPU
		{A28559FD-1B9C-4582-B84D-1A311D125847}.Release|Any CPU.Build.0 = Release|Any CPU
		{969D4DD5-34D5-4344-91A5-0E158D10433A}.Debug|Any CPU.ActiveCfg = Debug|Any CPU
		{969D4DD5-34D5-4344-91A5-0E158D10433A}.Debug|Any CPU.Build.0 = Debug|Any CPU
		{969D4DD5-34D5-4344-91A5-0E158D10433A}.Release|Any CPU.ActiveCfg = Release|Any CPU
		{969D4DD5-34D5-4344-91A5-0E158D10433A}.Release|Any CPU.Build.0 = Release|Any CPU
	EndGlobalSection
	GlobalSection(SolutionProperties) = preSolution
		HideSolutionNode = FALSE
	EndGlobalSection
	GlobalSection(ExtensibilityGlobals) = postSolution
		SolutionGuid = {367EAEB3-CDFC-4FCD-BFF3-4333F09B8FD8}
	EndGlobalSection
EndGlobal
